
Microsoft Visual Studio Solution File, Format Version 12.00
# Visual Studio 15
VisualStudioVersion = 15.0.26124.0
MinimumVisualStudioVersion = 15.0.26124.0
Project("{9A19103F-16F7-4668-BE54-9A1E7A4F7556}") = "R5T.Bath.File.Construction", "R5T.Bath.File.Construction\R5T.Bath.File.Construction.csproj", "{31B8FD2B-653F-4019-97EC-C272FDADBE28}"
EndProject
Project("{9A19103F-16F7-4668-BE54-9A1E7A4F7556}") = "R5T.Bath.File", "R5T.Bath.File\R5T.Bath.File.csproj", "{F3969550-91FF-45F4-B9E8-4C7AF813A33D}"
EndProject
Project("{9A19103F-16F7-4668-BE54-9A1E7A4F7556}") = "R5T.Bath.File.Testing", "R5T.Bath.File.Testing\R5T.Bath.File.Testing.csproj", "{62F1B372-085B-4C01-A1E9-AEC8C2B25C10}"
EndProject
Project("{2150E333-8FDC-42A3-9474-1A3956D46DE8}") = "_Dependencies", "_Dependencies", "{F420C681-1A99-429E-85E7-3423F9223BF4}"
EndProject
Project("{9A19103F-16F7-4668-BE54-9A1E7A4F7556}") = "R5T.Bath.Default", "..\..\R5T.Bath.Default\source\R5T.Bath.Default\R5T.Bath.Default.csproj", "{76F21F04-AC2A-4512-A0FB-2F22CFA5DC61}"
EndProject
Project("{9A19103F-16F7-4668-BE54-9A1E7A4F7556}") = "R5T.Bath.Base", "..\..\R5T.Bath.Base\source\R5T.Bath.Base\R5T.Bath.Base.csproj", "{660CA474-27CF-4DB0-B84A-96FBD3F2107F}"
EndProject
Project("{9A19103F-16F7-4668-BE54-9A1E7A4F7556}") = "R5T.T0064", "..\..\R5T.T0064\source\R5T.T0064\R5T.T0064.csproj", "{0BAC7D1B-56CF-4309-87D3-AD9081B7DA60}"
EndProject
Project("{9A19103F-16F7-4668-BE54-9A1E7A4F7556}") = "R5T.Dacia.Extensions", "..\..\R5T.Dacia.Extensions\source\R5T.Dacia.Extensions\R5T.Dacia.Extensions.csproj", "{66526E5E-ADB7-4CEF-BADD-64D78BE68A3B}"
EndProject
Project("{9A19103F-16F7-4668-BE54-9A1E7A4F7556}") = "R5T.Dacia", "..\..\R5T.Dacia\source\R5T.Dacia\R5T.Dacia.csproj", "{62087C66-E9F1-4196-A6E8-7E410E693FCB}"
EndProject
Global
	GlobalSection(SolutionConfigurationPlatforms) = preSolution
		Debug|Any CPU = Debug|Any CPU
		Debug|x64 = Debug|x64
		Debug|x86 = Debug|x86
		Release|Any CPU = Release|Any CPU
		Release|x64 = Release|x64
		Release|x86 = Release|x86
	EndGlobalSection
	GlobalSection(ProjectConfigurationPlatforms) = postSolution
		{31B8FD2B-653F-4019-97EC-C272FDADBE28}.Debug|Any CPU.ActiveCfg = Debug|Any CPU
		{31B8FD2B-653F-4019-97EC-C272FDADBE28}.Debug|Any CPU.Build.0 = Debug|Any CPU
		{31B8FD2B-653F-4019-97EC-C272FDADBE28}.Debug|x64.ActiveCfg = Debug|Any CPU
		{31B8FD2B-653F-4019-97EC-C272FDADBE28}.Debug|x64.Build.0 = Debug|Any CPU
		{31B8FD2B-653F-4019-97EC-C272FDADBE28}.Debug|x86.ActiveCfg = Debug|Any CPU
		{31B8FD2B-653F-4019-97EC-C272FDADBE28}.Debug|x86.Build.0 = Debug|Any CPU
		{31B8FD2B-653F-4019-97EC-C272FDADBE28}.Release|Any CPU.ActiveCfg = Release|Any CPU
		{31B8FD2B-653F-4019-97EC-C272FDADBE28}.Release|Any CPU.Build.0 = Release|Any CPU
		{31B8FD2B-653F-4019-97EC-C272FDADBE28}.Release|x64.ActiveCfg = Release|Any CPU
		{31B8FD2B-653F-4019-97EC-C272FDADBE28}.Release|x64.Build.0 = Release|Any CPU
		{31B8FD2B-653F-4019-97EC-C272FDADBE28}.Release|x86.ActiveCfg = Release|Any CPU
		{31B8FD2B-653F-4019-97EC-C272FDADBE28}.Release|x86.Build.0 = Release|Any CPU
		{F3969550-91FF-45F4-B9E8-4C7AF813A33D}.Debug|Any CPU.ActiveCfg = Debug|Any CPU
		{F3969550-91FF-45F4-B9E8-4C7AF813A33D}.Debug|Any CPU.Build.0 = Debug|Any CPU
		{F3969550-91FF-45F4-B9E8-4C7AF813A33D}.Debug|x64.ActiveCfg = Debug|Any CPU
		{F3969550-91FF-45F4-B9E8-4C7AF813A33D}.Debug|x64.Build.0 = Debug|Any CPU
		{F3969550-91FF-45F4-B9E8-4C7AF813A33D}.Debug|x86.ActiveCfg = Debug|Any CPU
		{F3969550-91FF-45F4-B9E8-4C7AF813A33D}.Debug|x86.Build.0 = Debug|Any CPU
		{F3969550-91FF-45F4-B9E8-4C7AF813A33D}.Release|Any CPU.ActiveCfg = Release|Any CPU
		{F3969550-91FF-45F4-B9E8-4C7AF813A33D}.Release|Any CPU.Build.0 = Release|Any CPU
		{F3969550-91FF-45F4-B9E8-4C7AF813A33D}.Release|x64.ActiveCfg = Release|Any CPU
		{F3969550-91FF-45F4-B9E8-4C7AF813A33D}.Release|x64.Build.0 = Release|Any CPU
		{F3969550-91FF-45F4-B9E8-4C7AF813A33D}.Release|x86.ActiveCfg = Release|Any CPU
		{F3969550-91FF-45F4-B9E8-4C7AF813A33D}.Release|x86.Build.0 = Release|Any CPU
		{62F1B372-085B-4C01-A1E9-AEC8C2B25C10}.Debug|Any CPU.ActiveCfg = Debug|Any CPU
		{62F1B372-085B-4C01-A1E9-AEC8C2B25C10}.Debug|Any CPU.Build.0 = Debug|Any CPU
		{62F1B372-085B-4C01-A1E9-AEC8C2B25C10}.Debug|x64.ActiveCfg = Debug|Any CPU
		{62F1B372-085B-4C01-A1E9-AEC8C2B25C10}.Debug|x64.Build.0 = Debug|Any CPU
		{62F1B372-085B-4C01-A1E9-AEC8C2B25C10}.Debug|x86.ActiveCfg = Debug|Any CPU
		{62F1B372-085B-4C01-A1E9-AEC8C2B25C10}.Debug|x86.Build.0 = Debug|Any CPU
		{62F1B372-085B-4C01-A1E9-AEC8C2B25C10}.Release|Any CPU.ActiveCfg = Release|Any CPU
		{62F1B372-085B-4C01-A1E9-AEC8C2B25C10}.Release|Any CPU.Build.0 = Release|Any CPU
		{62F1B372-085B-4C01-A1E9-AEC8C2B25C10}.Release|x64.ActiveCfg = Release|Any CPU
		{62F1B372-085B-4C01-A1E9-AEC8C2B25C10}.Release|x64.Build.0 = Release|Any CPU
		{62F1B372-085B-4C01-A1E9-AEC8C2B25C10}.Release|x86.ActiveCfg = Release|Any CPU
		{62F1B372-085B-4C01-A1E9-AEC8C2B25C10}.Release|x86.Build.0 = Release|Any CPU
		{76F21F04-AC2A-4512-A0FB-2F22CFA5DC61}.Debug|Any CPU.ActiveCfg = Debug|Any CPU
		{76F21F04-AC2A-4512-A0FB-2F22CFA5DC61}.Debug|Any CPU.Build.0 = Debug|Any CPU
		{76F21F04-AC2A-4512-A0FB-2F22CFA5DC61}.Debug|x64.ActiveCfg = Debug|Any CPU
		{76F21F04-AC2A-4512-A0FB-2F22CFA5DC61}.Debug|x64.Build.0 = Debug|Any CPU
		{76F21F04-AC2A-4512-A0FB-2F22CFA5DC61}.Debug|x86.ActiveCfg = Debug|Any CPU
		{76F21F04-AC2A-4512-A0FB-2F22CFA5DC61}.Debug|x86.Build.0 = Debug|Any CPU
		{76F21F04-AC2A-4512-A0FB-2F22CFA5DC61}.Release|Any CPU.ActiveCfg = Release|Any CPU
		{76F21F04-AC2A-4512-A0FB-2F22CFA5DC61}.Release|Any CPU.Build.0 = Release|Any CPU
		{76F21F04-AC2A-4512-A0FB-2F22CFA5DC61}.Release|x64.ActiveCfg = Release|Any CPU
		{76F21F04-AC2A-4512-A0FB-2F22CFA5DC61}.Release|x64.Build.0 = Release|Any CPU
		{76F21F04-AC2A-4512-A0FB-2F22CFA5DC61}.Release|x86.ActiveCfg = Release|Any CPU
		{76F21F04-AC2A-4512-A0FB-2F22CFA5DC61}.Release|x86.Build.0 = Release|Any CPU
		{660CA474-27CF-4DB0-B84A-96FBD3F2107F}.Debug|Any CPU.ActiveCfg = Debug|Any CPU
		{660CA474-27CF-4DB0-B84A-96FBD3F2107F}.Debug|Any CPU.Build.0 = Debug|Any CPU
		{660CA474-27CF-4DB0-B84A-96FBD3F2107F}.Debug|x64.ActiveCfg = Debug|Any CPU
		{660CA474-27CF-4DB0-B84A-96FBD3F2107F}.Debug|x64.Build.0 = Debug|Any CPU
		{660CA474-27CF-4DB0-B84A-96FBD3F2107F}.Debug|x86.ActiveCfg = Debug|Any CPU
		{660CA474-27CF-4DB0-B84A-96FBD3F2107F}.Debug|x86.Build.0 = Debug|Any CPU
		{660CA474-27CF-4DB0-B84A-96FBD3F2107F}.Release|Any CPU.ActiveCfg = Release|Any CPU
		{660CA474-27CF-4DB0-B84A-96FBD3F2107F}.Release|Any CPU.Build.0 = Release|Any CPU
		{660CA474-27CF-4DB0-B84A-96FBD3F2107F}.Release|x64.ActiveCfg = Release|Any CPU
		{660CA474-27CF-4DB0-B84A-96FBD3F2107F}.Release|x64.Build.0 = Release|Any CPU
		{660CA474-27CF-4DB0-B84A-96FBD3F2107F}.Release|x86.ActiveCfg = Release|Any CPU
		{660CA474-27CF-4DB0-B84A-96FBD3F2107F}.Release|x86.Build.0 = Release|Any CPU
		{0BAC7D1B-56CF-4309-87D3-AD9081B7DA60}.Debug|Any CPU.ActiveCfg = Debug|Any CPU
		{0BAC7D1B-56CF-4309-87D3-AD9081B7DA60}.Debug|Any CPU.Build.0 = Debug|Any CPU
		{0BAC7D1B-56CF-4309-87D3-AD9081B7DA60}.Debug|x64.ActiveCfg = Debug|Any CPU
		{0BAC7D1B-56CF-4309-87D3-AD9081B7DA60}.Debug|x64.Build.0 = Debug|Any CPU
		{0BAC7D1B-56CF-4309-87D3-AD9081B7DA60}.Debug|x86.ActiveCfg = Debug|Any CPU
		{0BAC7D1B-56CF-4309-87D3-AD9081B7DA60}.Debug|x86.Build.0 = Debug|Any CPU
		{0BAC7D1B-56CF-4309-87D3-AD9081B7DA60}.Release|Any CPU.ActiveCfg = Release|Any CPU
		{0BAC7D1B-56CF-4309-87D3-AD9081B7DA60}.Release|Any CPU.Build.0 = Release|Any CPU
		{0BAC7D1B-56CF-4309-87D3-AD9081B7DA60}.Release|x64.ActiveCfg = Release|Any CPU
		{0BAC7D1B-56CF-4309-87D3-AD9081B7DA60}.Release|x64.Build.0 = Release|Any CPU
		{0BAC7D1B-56CF-4309-87D3-AD9081B7DA60}.Release|x86.ActiveCfg = Release|Any CPU
		{0BAC7D1B-56CF-4309-87D3-AD9081B7DA60}.Release|x86.Build.0 = Release|Any CPU
		{66526E5E-ADB7-4CEF-BADD-64D78BE68A3B}.Debug|Any CPU.ActiveCfg = Debug|Any CPU
		{66526E5E-ADB7-4CEF-BADD-64D78BE68A3B}.Debug|Any CPU.Build.0 = Debug|Any CPU
		{66526E5E-ADB7-4CEF-BADD-64D78BE68A3B}.Debug|x64.ActiveCfg = Debug|Any CPU
		{66526E5E-ADB7-4CEF-BADD-64D78BE68A3B}.Debug|x64.Build.0 = Debug|Any CPU
		{66526E5E-ADB7-4CEF-BADD-64D78BE68A3B}.Debug|x86.ActiveCfg = Debug|Any CPU
		{66526E5E-ADB7-4CEF-BADD-64D78BE68A3B}.Debug|x86.Build.0 = Debug|Any CPU
		{66526E5E-ADB7-4CEF-BADD-64D78BE68A3B}.Release|Any CPU.ActiveCfg = Release|Any CPU
		{66526E5E-ADB7-4CEF-BADD-64D78BE68A3B}.Release|Any CPU.Build.0 = Release|Any CPU
		{66526E5E-ADB7-4CEF-BADD-64D78BE68A3B}.Release|x64.ActiveCfg = Release|Any CPU
		{66526E5E-ADB7-4CEF-BADD-64D78BE68A3B}.Release|x64.Build.0 = Release|Any CPU
		{66526E5E-ADB7-4CEF-BADD-64D78BE68A3B}.Release|x86.ActiveCfg = Release|Any CPU
		{66526E5E-ADB7-4CEF-BADD-64D78BE68A3B}.Release|x86.Build.0 = Release|Any CPU
		{62087C66-E9F1-4196-A6E8-7E410E693FCB}.Debug|Any CPU.ActiveCfg = Debug|Any CPU
		{62087C66-E9F1-4196-A6E8-7E410E693FCB}.Debug|Any CPU.Build.0 = Debug|Any CPU
		{62087C66-E9F1-4196-A6E8-7E410E693FCB}.Debug|x64.ActiveCfg = Debug|Any CPU
		{62087C66-E9F1-4196-A6E8-7E410E693FCB}.Debug|x64.Build.0 = Debug|Any CPU
		{62087C66-E9F1-4196-A6E8-7E410E693FCB}.Debug|x86.ActiveCfg = Debug|Any CPU
		{62087C66-E9F1-4196-A6E8-7E410E693FCB}.Debug|x86.Build.0 = Debug|Any CPU
		{62087C66-E9F1-4196-A6E8-7E410E693FCB}.Release|Any CPU.ActiveCfg = Release|Any CPU
		{62087C66-E9F1-4196-A6E8-7E410E693FCB}.Release|Any CPU.Build.0 = Release|Any CPU
		{62087C66-E9F1-4196-A6E8-7E410E693FCB}.Release|x64.ActiveCfg = Release|Any CPU
		{62087C66-E9F1-4196-A6E8-7E410E693FCB}.Release|x64.Build.0 = Release|Any CPU
		{62087C66-E9F1-4196-A6E8-7E410E693FCB}.Release|x86.ActiveCfg = Release|Any CPU
		{62087C66-E9F1-4196-A6E8-7E410E693FCB}.Release|x86.Build.0 = Release|Any CPU
	EndGlobalSection
	GlobalSection(SolutionProperties) = preSolution
		HideSolutionNode = FALSE
	EndGlobalSection
	GlobalSection(NestedProjects) = preSolution
		{76F21F04-AC2A-4512-A0FB-2F22CFA5DC61} = {F420C681-1A99-429E-85E7-3423F9223BF4}
		{660CA474-27CF-4DB0-B84A-96FBD3F2107F} = {F420C681-1A99-429E-85E7-3423F9223BF4}
		{0BAC7D1B-56CF-4309-87D3-AD9081B7DA60} = {F420C681-1A99-429E-85E7-3423F9223BF4}
		{66526E5E-ADB7-4CEF-BADD-64D78BE68A3B} = {F420C681-1A99-429E-85E7-3423F9223BF4}
		{62087C66-E9F1-4196-A6E8-7E410E693FCB} = {F420C681-1A99-429E-85E7-3423F9223BF4}
	EndGlobalSection
	GlobalSection(ExtensibilityGlobals) = postSolution
		SolutionGuid = {30065869-4257-41F4-A40E-A9FACF7B15DC}
	EndGlobalSection
EndGlobal
